
Microsoft Visual Studio Solution File, Format Version 12.00
# Visual Studio Version 16
VisualStudioVersion = 16.0.35026.282
MinimumVisualStudioVersion = 10.0.40219.1
Project("{F184B08F-C81C-45F6-A57F-5ABD9991F28F}") = "Interactive Printing Kiosk", "Interactive Printing Kiosk\Interactive Printing Kiosk.vbproj", "{0F10C527-1695-4C3E-A3DE-CC2B809C988B}"
EndProject
Global
	GlobalSection(SolutionConfigurationPlatforms) = preSolution
		Debug|Any CPU = Debug|Any CPU
		Release|Any CPU = Release|Any CPU
	EndGlobalSection
	GlobalSection(ProjectConfigurationPlatforms) = postSolution
		{0F10C527-1695-4C3E-A3DE-CC2B809C988B}.Debug|Any CPU.ActiveCfg = Debug|Any CPU
		{0F10C527-1695-4C3E-A3DE-CC2B809C988B}.Debug|Any CPU.Build.0 = Debug|Any CPU
		{0F10C527-1695-4C3E-A3DE-CC2B809C988B}.Release|Any CPU.ActiveCfg = Release|Any CPU
		{0F10C527-1695-4C3E-A3DE-CC2B809C988B}.Release|Any CPU.Build.0 = Release|Any CPU
	EndGlobalSection
	GlobalSection(SolutionProperties) = preSolution
		HideSolutionNode = FALSE
	EndGlobalSection
	GlobalSection(ExtensibilityGlobals) = postSolution
		SolutionGuid = {2F1950F3-FD44-4D9D-BC80-B46BA3B57068}
	EndGlobalSection
EndGlobal
